# generated by rye
# use `rye lock` or `rye sync` to update this lockfile
#
# last locked with the following flags:
#   pre: false
#   features: []
#   all-features: false
#   with-sources: false

-e file:.
anyio==4.3.0
    # via httpx
certifi==2024.2.2
    # via httpcore
    # via httpx
h11==0.14.0
    # via httpcore
httpcore==1.0.4
    # via httpx
httpx==0.27.0
    # via novi
idna==3.6
    # via anyio
    # via httpx
markdown-it-py==3.0.0
    # via rich
mdurl==0.1.2
    # via markdown-it-py
pygments==2.17.2
    # via rich
rich==13.7.1
    # via novi
selectolax==0.3.21
    # via novi
sniffio==1.3.1
    # via anyio
    # via httpx
